
Microsoft Visual Studio Solution File, Format Version 12.00
# Visual Studio Version 16
VisualStudioVersion = 16.0.33214.272
MinimumVisualStudioVersion = 10.0.40219.1
Project("{FAE04EC0-301F-11D3-BF4B-00C04F79EFBC}") = "Decorator-Player", "Decorator-Player\Decorator-Player.csproj", "{26E55CD0-0AA4-4CC2-A55C-DFCF13B0B9F7}"
EndProject
Global
	GlobalSection(SolutionConfigurationPlatforms) = preSolution
		Debug|Any CPU = Debug|Any CPU
		Release|Any CPU = Release|Any CPU
	EndGlobalSection
	GlobalSection(ProjectConfigurationPlatforms) = postSolution
		{26E55CD0-0AA4-4CC2-A55C-DFCF13B0B9F7}.Debug|Any CPU.ActiveCfg = Debug|Any CPU
		{26E55CD0-0AA4-4CC2-A55C-DFCF13B0B9F7}.Debug|Any CPU.Build.0 = Debug|Any CPU
		{26E55CD0-0AA4-4CC2-A55C-DFCF13B0B9F7}.Release|Any CPU.ActiveCfg = Release|Any CPU
		{26E55CD0-0AA4-4CC2-A55C-DFCF13B0B9F7}.Release|Any CPU.Build.0 = Release|Any CPU
	EndGlobalSection
	GlobalSection(SolutionProperties) = preSolution
		HideSolutionNode = FALSE
	EndGlobalSection
	GlobalSection(ExtensibilityGlobals) = postSolution
		SolutionGuid = {596233E7-A052-4C00-BC24-FEFA8D1824B8}
	EndGlobalSection
EndGlobal
